// !$*UTF8*$!
{
	archiveVersion = 1;
	classes = {
	};
	objectVersion = 55;
	objects = {

/* Begin PBXBuildFile section */
		A568546927C744F200CD49B6 /* Tests_iOS.swift in Sources */ = {isa = PBXBuildFile; fileRef = A568546827C744F200CD49B6 /* Tests_iOS.swift */; };
		A568546B27C744F200CD49B6 /* Tests_iOSLaunchTests.swift in Sources */ = {isa = PBXBuildFile; fileRef = A568546A27C744F200CD49B6 /* Tests_iOSLaunchTests.swift */; };
		A568547527C744F200CD49B6 /* Tests_macOS.swift in Sources */ = {isa = PBXBuildFile; fileRef = A568547427C744F200CD49B6 /* Tests_macOS.swift */; };
		A568547727C744F200CD49B6 /* Tests_macOSLaunchTests.swift in Sources */ = {isa = PBXBuildFile; fileRef = A568547627C744F200CD49B6 /* Tests_macOSLaunchTests.swift */; };
		A568547827C744F200CD49B6 /* Overlap_IntegralsApp.swift in Sources */ = {isa = PBXBuildFile; fileRef = A568545227C744F100CD49B6 /* Overlap_IntegralsApp.swift */; };
		A568547927C744F200CD49B6 /* Overlap_IntegralsApp.swift in Sources */ = {isa = PBXBuildFile; fileRef = A568545227C744F100CD49B6 /* Overlap_IntegralsApp.swift */; };
		A568547A27C744F200CD49B6 /* ContentView.swift in Sources */ = {isa = PBXBuildFile; fileRef = A568545327C744F100CD49B6 /* ContentView.swift */; };
		A568547B27C744F200CD49B6 /* ContentView.swift in Sources */ = {isa = PBXBuildFile; fileRef = A568545327C744F100CD49B6 /* ContentView.swift */; };
		A568547C27C744F200CD49B6 /* Assets.xcassets in Resources */ = {isa = PBXBuildFile; fileRef = A568545427C744F200CD49B6 /* Assets.xcassets */; };
		A568547D27C744F200CD49B6 /* Assets.xcassets in Resources */ = {isa = PBXBuildFile; fileRef = A568545427C744F200CD49B6 /* Assets.xcassets */; };
/* End PBXBuildFile section */

/* Begin PBXContainerItemProxy section */
		A568546527C744F200CD49B6 /* PBXContainerItemProxy */ = {
			isa = PBXContainerItemProxy;
			containerPortal = A568544D27C744F100CD49B6 /* Project object */;
			proxyType = 1;
			remoteGlobalIDString = A568545827C744F200CD49B6;
			remoteInfo = "Overlap Integrals (iOS)";
		};
		A568547127C744F200CD49B6 /* PBXContainerItemProxy */ = {
			isa = PBXContainerItemProxy;
			containerPortal = A568544D27C744F100CD49B6 /* Project object */;
			proxyType = 1;
			remoteGlobalIDString = A568545E27C744F200CD49B6;
			remoteInfo = "Overlap Integrals (macOS)";
		};
/* End PBXContainerItemProxy section */

/* Begin PBXFileReference section */
		A568545227C744F100CD49B6 /* Overlap_IntegralsApp.swift */ = {isa = PBXFileReference; lastKnownFileType = sourcecode.swift; path = Overlap_IntegralsApp.swift; sourceTree = "<group>"; };
		A568545327C744F100CD49B6 /* ContentView.swift */ = {isa = PBXFileReference; lastKnownFileType = sourcecode.swift; path = ContentView.swift; sourceTree = "<group>"; };
		A568545427C744F200CD49B6 /* Assets.xcassets */ = {isa = PBXFileReference; lastKnownFileType = folder.assetcatalog; path = Assets.xcassets; sourceTree = "<group>"; };
		A568545927C744F200CD49B6 /* Overlap Integrals.app */ = {isa = PBXFileReference; explicitFileType = wrapper.application; includeInIndex = 0; path = "Overlap Integrals.app"; sourceTree = BUILT_PRODUCTS_DIR; };
		A568545F27C744F200CD49B6 /* Overlap Integrals.app */ = {isa = PBXFileReference; explicitFileType = wrapper.application; includeInIndex = 0; path = "Overlap Integrals.app"; sourceTree = BUILT_PRODUCTS_DIR; };
		A568546427C744F200CD49B6 /* Tests iOS.xctest */ = {isa = PBXFileReference; explicitFileType = wrapper.cfbundle; includeInIndex = 0; path = "Tests iOS.xctest"; sourceTree = BUILT_PRODUCTS_DIR; };
		A568546827C744F200CD49B6 /* Tests_iOS.swift */ = {isa = PBXFileReference; lastKnownFileType = sourcecode.swift; path = Tests_iOS.swift; sourceTree = "<group>"; };
		A568546A27C744F200CD49B6 /* Tests_iOSLaunchTests.swift */ = {isa = PBXFileReference; lastKnownFileType = sourcecode.swift; path = Tests_iOSLaunchTests.swift; sourceTree = "<group>"; };
		A568547027C744F200CD49B6 /* Tests macOS.xctest */ = {isa = PBXFileReference; explicitFileType = wrapper.cfbundle; includeInIndex = 0; path = "Tests macOS.xctest"; sourceTree = BUILT_PRODUCTS_DIR; };
		A568547427C744F200CD49B6 /* Tests_macOS.swift */ = {isa = PBXFileReference; lastKnownFileType = sourcecode.swift; path = Tests_macOS.swift; sourceTree = "<group>"; };
		A568547627C744F200CD49B6 /* Tests_macOSLaunchTests.swift */ = {isa = PBXFileReference; lastKnownFileType = sourcecode.swift; path = Tests_macOSLaunchTests.swift; sourceTree = "<group>"; };
/* End PBXFileReference section */

/* Begin PBXFrameworksBuildPhase section */
		A568545627C744F200CD49B6 /* Frameworks */ = {
			isa = PBXFrameworksBuildPhase;
			buildActionMask = 2147483647;
			files = (
			);
			runOnlyForDeploymentPostprocessing = 0;
		};
		A568545C27C744F200CD49B6 /* Frameworks */ = {
			isa = PBXFrameworksBuildPhase;
			buildActionMask = 2147483647;
			files = (
			);
			runOnlyForDeploymentPostprocessing = 0;
		};
		A568546127C744F200CD49B6 /* Frameworks */ = {
			isa = PBXFrameworksBuildPhase;
			buildActionMask = 2147483647;
			files = (
			);
			runOnlyForDeploymentPostprocessing = 0;
		};
		A568546D27C744F200CD49B6 /* Frameworks */ = {
			isa = PBXFrameworksBuildPhase;
			buildActionMask = 2147483647;
			files = (
			);
			runOnlyForDeploymentPostprocessing = 0;
		};
/* End PBXFrameworksBuildPhase section */

/* Begin PBXGroup section */
		A568544C27C744F100CD49B6 = {
			isa = PBXGroup;
			children = (
				A568545127C744F100CD49B6 /* Shared */,
				A568546727C744F200CD49B6 /* Tests iOS */,
				A568547327C744F200CD49B6 /* Tests macOS */,
				A568545A27C744F200CD49B6 /* Products */,
			);
			sourceTree = "<group>";
		};
		A568545127C744F100CD49B6 /* Shared */ = {
			isa = PBXGroup;
			children = (
				A568545227C744F100CD49B6 /* Overlap_IntegralsApp.swift */,
				A568545327C744F100CD49B6 /* ContentView.swift */,
				A568545427C744F200CD49B6 /* Assets.xcassets */,
			);
			path = Shared;
			sourceTree = "<group>";
		};
		A568545A27C744F200CD49B6 /* Products */ = {
			isa = PBXGroup;
			children = (
				A568545927C744F200CD49B6 /* Overlap Integrals.app */,
				A568545F27C744F200CD49B6 /* Overlap Integrals.app */,
				A568546427C744F200CD49B6 /* Tests iOS.xctest */,
				A568547027C744F200CD49B6 /* Tests macOS.xctest */,
			);
			name = Products;
			sourceTree = "<group>";
		};
		A568546727C744F200CD49B6 /* Tests iOS */ = {
			isa = PBXGroup;
			children = (
				A568546827C744F200CD49B6 /* Tests_iOS.swift */,
				A568546A27C744F200CD49B6 /* Tests_iOSLaunchTests.swift */,
			);
			path = "Tests iOS";
			sourceTree = "<group>";
		};
		A568547327C744F200CD49B6 /* Tests macOS */ = {
			isa = PBXGroup;
			children = (
				A568547427C744F200CD49B6 /* Tests_macOS.swift */,
				A568547627C744F200CD49B6 /* Tests_macOSLaunchTests.swift */,
			);
			path = "Tests macOS";
			sourceTree = "<group>";
		};
/* End PBXGroup section */

/* Begin PBXNativeTarget section */
		A568545827C744F200CD49B6 /* Overlap Integrals (iOS) */ = {
			isa = PBXNativeTarget;
			buildConfigurationList = A568548027C744F200CD49B6 /* Build configuration list for PBXNativeTarget "Overlap Integrals (iOS)" */;
			buildPhases = (
				A568545527C744F200CD49B6 /* Sources */,
				A568545627C744F200CD49B6 /* Frameworks */,
				A568545727C744F200CD49B6 /* Resources */,
			);
			buildRules = (
			);
			dependencies = (
			);
			name = "Overlap Integrals (iOS)";
			productName = "Overlap Integrals (iOS)";
			productReference = A568545927C744F200CD49B6 /* Overlap Integrals.app */;
			productType = "com.apple.product-type.application";
		};
		A568545E27C744F200CD49B6 /* Overlap Integrals (macOS) */ = {
			isa = PBXNativeTarget;
			buildConfigurationList = A568548327C744F200CD49B6 /* Build configuration list for PBXNativeTarget "Overlap Integrals (macOS)" */;
			buildPhases = (
				A568545B27C744F200CD49B6 /* Sources */,
				A568545C27C744F200CD49B6 /* Frameworks */,
				A568545D27C744F200CD49B6 /* Resources */,
			);
			buildRules = (
			);
			dependencies = (
			);
			name = "Overlap Integrals (macOS)";
			productName = "Overlap Integrals (macOS)";
			productReference = A568545F27C744F200CD49B6 /* Overlap Integrals.app */;
			productType = "com.apple.product-type.application";
		};
		A568546327C744F200CD49B6 /* Tests iOS */ = {
			isa = PBXNativeTarget;
			buildConfigurationList = A568548627C744F200CD49B6 /* Build configuration list for PBXNativeTarget "Tests iOS" */;
			buildPhases = (
				A568546027C744F200CD49B6 /* Sources */,
				A568546127C744F200CD49B6 /* Frameworks */,
				A568546227C744F200CD49B6 /* Resources */,
			);
			buildRules = (
			);
			dependencies = (
				A568546627C744F200CD49B6 /* PBXTargetDependency */,
			);
			name = "Tests iOS";
			productName = "Tests iOS";
			productReference = A568546427C744F200CD49B6 /* Tests iOS.xctest */;
			productType = "com.apple.product-type.bundle.ui-testing";
		};
		A568546F27C744F200CD49B6 /* Tests macOS */ = {
			isa = PBXNativeTarget;
			buildConfigurationList = A568548927C744F200CD49B6 /* Build configuration list for PBXNativeTarget "Tests macOS" */;
			buildPhases = (
				A568546C27C744F200CD49B6 /* Sources */,
				A568546D27C744F200CD49B6 /* Frameworks */,
				A568546E27C744F200CD49B6 /* Resources */,
			);
			buildRules = (
			);
			dependencies = (
				A568547227C744F200CD49B6 /* PBXTargetDependency */,
			);
			name = "Tests macOS";
			productName = "Tests macOS";
			productReference = A568547027C744F200CD49B6 /* Tests macOS.xctest */;
			productType = "com.apple.product-type.bundle.ui-testing";
		};
/* End PBXNativeTarget section */

/* Begin PBXProject section */
		A568544D27C744F100CD49B6 /* Project object */ = {
			isa = PBXProject;
			attributes = {
				BuildIndependentTargetsInParallel = 1;
				LastSwiftUpdateCheck = 1300;
				LastUpgradeCheck = 1300;
				TargetAttributes = {
					A568545827C744F200CD49B6 = {
						CreatedOnToolsVersion = 13.0;
					};
					A568545E27C744F200CD49B6 = {
						CreatedOnToolsVersion = 13.0;
					};
					A568546327C744F200CD49B6 = {
						CreatedOnToolsVersion = 13.0;
						TestTargetID = A568545827C744F200CD49B6;
					};
					A568546F27C744F200CD49B6 = {
						CreatedOnToolsVersion = 13.0;
						TestTargetID = A568545E27C744F200CD49B6;
					};
				};
			};
			buildConfigurationList = A568545027C744F100CD49B6 /* Build configuration list for PBXProject "Overlap Integrals" */;
			compatibilityVersion = "Xcode 13.0";
			developmentRegion = en;
			hasScannedForEncodings = 0;
			knownRegions = (
				en,
				Base,
			);
			mainGroup = A568544C27C744F100CD49B6;
			productRefGroup = A568545A27C744F200CD49B6 /* Products */;
			projectDirPath = "";
			projectRoot = "";
			targets = (
				A568545827C744F200CD49B6 /* Overlap Integrals (iOS) */,
				A568545E27C744F200CD49B6 /* Overlap Integrals (macOS) */,
				A568546327C744F200CD49B6 /* Tests iOS */,
				A568546F27C744F200CD49B6 /* Tests macOS */,
			);
		};
/* End PBXProject section */

/* Begin PBXResourcesBuildPhase section */
		A568545727C744F200CD49B6 /* Resources */ = {
			isa = PBXResourcesBuildPhase;
			buildActionMask = 2147483647;
			files = (
				A568547C27C744F200CD49B6 /* Assets.xcassets in Resources */,
			);
			runOnlyForDeploymentPostprocessing = 0;
		};
		A568545D27C744F200CD49B6 /* Resources */ = {
			isa = PBXResourcesBuildPhase;
			buildActionMask = 2147483647;
			files = (
				A568547D27C744F200CD49B6 /* Assets.xcassets in Resources */,
			);
			runOnlyForDeploymentPostprocessing = 0;
		};
		A568546227C744F200CD49B6 /* Resources */ = {
			isa = PBXResourcesBuildPhase;
			buildActionMask = 2147483647;
			files = (
			);
			runOnlyForDeploymentPostprocessing = 0;
		};
		A568546E27C744F200CD49B6 /* Resources */ = {
			isa = PBXResourcesBuildPhase;
			buildActionMask = 2147483647;
			files = (
			);
			runOnlyForDeploymentPostprocessing = 0;
		};
/* End PBXResourcesBuildPhase section */

/* Begin PBXSourcesBuildPhase section */
		A568545527C744F200CD49B6 /* Sources */ = {
			isa = PBXSourcesBuildPhase;
			buildActionMask = 2147483647;
			files = (
				A568547A27C744F200CD49B6 /* ContentView.swift in Sources */,
				A568547827C744F200CD49B6 /* Overlap_IntegralsApp.swift in Sources */,
			);
			runOnlyForDeploymentPostprocessing = 0;
		};
		A568545B27C744F200CD49B6 /* Sources */ = {
			isa = PBXSourcesBuildPhase;
			buildActionMask = 2147483647;
			files = (
				A568547B27C744F200CD49B6 /* ContentView.swift in Sources */,
				A568547927C744F200CD49B6 /* Overlap_IntegralsApp.swift in Sources */,
			);
			runOnlyForDeploymentPostprocessing = 0;
		};
		A568546027C744F200CD49B6 /* Sources */ = {
			isa = PBXSourcesBuildPhase;
			buildActionMask = 2147483647;
			files = (
				A568546B27C744F200CD49B6 /* Tests_iOSLaunchTests.swift in Sources */,
				A568546927C744F200CD49B6 /* Tests_iOS.swift in Sources */,
			);
			runOnlyForDeploymentPostprocessing = 0;
		};
		A568546C27C744F200CD49B6 /* Sources */ = {
			isa = PBXSourcesBuildPhase;
			buildActionMask = 2147483647;
			files = (
				A568547727C744F200CD49B6 /* Tests_macOSLaunchTests.swift in Sources */,
				A568547527C744F200CD49B6 /* Tests_macOS.swift in Sources */,
			);
			runOnlyForDeploymentPostprocessing = 0;
		};
/* End PBXSourcesBuildPhase section */

/* Begin PBXTargetDependency section */
		A568546627C744F200CD49B6 /* PBXTargetDependency */ = {
			isa = PBXTargetDependency;
			target = A568545827C744F200CD49B6 /* Overlap Integrals (iOS) */;
			targetProxy = A568546527C744F200CD49B6 /* PBXContainerItemProxy */;
		};
		A568547227C744F200CD49B6 /* PBXTargetDependency */ = {
			isa = PBXTargetDependency;
			target = A568545E27C744F200CD49B6 /* Overlap Integrals (macOS) */;
			targetProxy = A568547127C744F200CD49B6 /* PBXContainerItemProxy */;
		};
/* End PBXTargetDependency section */

/* Begin XCBuildConfiguration section */
		A568547E27C744F200CD49B6 /* Debug */ = {
			isa = XCBuildConfiguration;
			buildSettings = {
				ALWAYS_SEARCH_USER_PATHS = NO;
				CLANG_ANALYZER_NONNULL = YES;
				CLANG_ANALYZER_NUMBER_OBJECT_CONVERSION = YES_AGGRESSIVE;
				CLANG_CXX_LANGUAGE_STANDARD = "gnu++17";
				CLANG_CXX_LIBRARY = "libc++";
				CLANG_ENABLE_MODULES = YES;
				CLANG_ENABLE_OBJC_ARC = YES;
				CLANG_ENABLE_OBJC_WEAK = YES;
				CLANG_WARN_BLOCK_CAPTURE_AUTORELEASING = YES;
				CLANG_WARN_BOOL_CONVERSION = YES;
				CLANG_WARN_COMMA = YES;
				CLANG_WARN_CONSTANT_CONVERSION = YES;
				CLANG_WARN_DEPRECATED_OBJC_IMPLEMENTATIONS = YES;
				CLANG_WARN_DIRECT_OBJC_ISA_USAGE = YES_ERROR;
				CLANG_WARN_DOCUMENTATION_COMMENTS = YES;
				CLANG_WARN_EMPTY_BODY = YES;
				CLANG_WARN_ENUM_CONVERSION = YES;
				CLANG_WARN_INFINITE_RECURSION = YES;
				CLANG_WARN_INT_CONVERSION = YES;
				CLANG_WARN_NON_LITERAL_NULL_CONVERSION = YES;
				CLANG_WARN_OBJC_IMPLICIT_RETAIN_SELF = YES;
				CLANG_WARN_OBJC_LITERAL_CONVERSION = YES;
				CLANG_WARN_OBJC_ROOT_CLASS = YES_ERROR;
				CLANG_WARN_QUOTED_INCLUDE_IN_FRAMEWORK_HEADER = YES;
				CLANG_WARN_RANGE_LOOP_ANALYSIS = YES;
				CLANG_WARN_STRICT_PROTOTYPES = YES;
				CLANG_WARN_SUSPICIOUS_MOVE = YES;
				CLANG_WARN_UNGUARDED_AVAILABILITY = YES_AGGRESSIVE;
				CLANG_WARN_UNREACHABLE_CODE = YES;
				CLANG_WARN__DUPLICATE_METHOD_MATCH = YES;
				COPY_PHASE_STRIP = NO;
				DEBUG_INFORMATION_FORMAT = dwarf;
				ENABLE_STRICT_OBJC_MSGSEND = YES;
				ENABLE_TESTABILITY = YES;
				GCC_C_LANGUAGE_STANDARD = gnu11;
				GCC_DYNAMIC_NO_PIC = NO;
				GCC_NO_COMMON_BLOCKS = YES;
				GCC_OPTIMIZATION_LEVEL = 0;
				GCC_PREPROCESSOR_DEFINITIONS = (
					"DEBUG=1",
					"$(inherited)",
				);
				GCC_WARN_64_TO_32_BIT_CONVERSION = YES;
				GCC_WARN_ABOUT_RETURN_TYPE = YES_ERROR;
				GCC_WARN_UNDECLARED_SELECTOR = YES;
				GCC_WARN_UNINITIALIZED_AUTOS = YES_AGGRESSIVE;
				GCC_WARN_UNUSED_FUNCTION = YES;
				GCC_WARN_UNUSED_VARIABLE = YES;
				MTL_ENABLE_DEBUG_INFO = INCLUDE_SOURCE;
				MTL_FAST_MATH = YES;
				ONLY_ACTIVE_ARCH = YES;
				SWIFT_ACTIVE_COMPILATION_CONDITIONS = DEBUG;
				SWIFT_OPTIMIZATION_LEVEL = "-Onone";
			};
			name = Debug;
		};
		A568547F27C744F200CD49B6 /* Release */ = {
			isa = XCBuildConfiguration;
			buildSettings = {
				ALWAYS_SEARCH_USER_PATHS = NO;
				CLANG_ANALYZER_NONNULL = YES;
				CLANG_ANALYZER_NUMBER_OBJECT_CONVERSION = YES_AGGRESSIVE;
				CLANG_CXX_LANGUAGE_STANDARD = "gnu++17";
				CLANG_CXX_LIBRARY = "libc++";
				CLANG_ENABLE_MODULES = YES;
				CLANG_ENABLE_OBJC_ARC = YES;
				CLANG_ENABLE_OBJC_WEAK = YES;
				CLANG_WARN_BLOCK_CAPTURE_AUTORELEASING = YES;
				CLANG_WARN_BOOL_CONVERSION = YES;
				CLANG_WARN_COMMA = YES;
				CLANG_WARN_CONSTANT_CONVERSION = YES;
				CLANG_WARN_DEPRECATED_OBJC_IMPLEMENTATIONS = YES;
				CLANG_WARN_DIRECT_OBJC_ISA_USAGE = YES_ERROR;
				CLANG_WARN_DOCUMENTATION_COMMENTS = YES;
				CLANG_WARN_EMPTY_BODY = YES;
				CLANG_WARN_ENUM_CONVERSION = YES;
				CLANG_WARN_INFINITE_RECURSION = YES;
				CLANG_WARN_INT_CONVERSION = YES;
				CLANG_WARN_NON_LITERAL_NULL_CONVERSION = YES;
				CLANG_WARN_OBJC_IMPLICIT_RETAIN_SELF = YES;
				CLANG_WARN_OBJC_LITERAL_CONVERSION = YES;
				CLANG_WARN_OBJC_ROOT_CLASS = YES_ERROR;
				CLANG_WARN_QUOTED_INCLUDE_IN_FRAMEWORK_HEADER = YES;
				CLANG_WARN_RANGE_LOOP_ANALYSIS = YES;
				CLANG_WARN_STRICT_PROTOTYPES = YES;
				CLANG_WARN_SUSPICIOUS_MOVE = YES;
				CLANG_WARN_UNGUARDED_AVAILABILITY = YES_AGGRESSIVE;
				CLANG_WARN_UNREACHABLE_CODE = YES;
				CLANG_WARN__DUPLICATE_METHOD_MATCH = YES;
				COPY_PHASE_STRIP = NO;
				DEBUG_INFORMATION_FORMAT = "dwarf-with-dsym";
				ENABLE_NS_ASSERTIONS = NO;
				ENABLE_STRICT_OBJC_MSGSEND = YES;
				GCC_C_LANGUAGE_STANDARD = gnu11;
				GCC_NO_COMMON_BLOCKS = YES;
				GCC_WARN_64_TO_32_BIT_CONVERSION = YES;
				GCC_WARN_ABOUT_RETURN_TYPE = YES_ERROR;
				GCC_WARN_UNDECLARED_SELECTOR = YES;
				GCC_WARN_UNINITIALIZED_AUTOS = YES_AGGRESSIVE;
				GCC_WARN_UNUSED_FUNCTION = YES;
				GCC_WARN_UNUSED_VARIABLE = YES;
				MTL_ENABLE_DEBUG_INFO = NO;
				MTL_FAST_MATH = YES;
				SWIFT_COMPILATION_MODE = wholemodule;
				SWIFT_OPTIMIZATION_LEVEL = "-O";
			};
			name = Release;
		};
		A568548127C744F200CD49B6 /* Debug */ = {
			isa = XCBuildConfiguration;
			buildSettings = {
				ASSETCATALOG_COMPILER_APPICON_NAME = AppIcon;
				ASSETCATALOG_COMPILER_GLOBAL_ACCENT_COLOR_NAME = AccentColor;
				CODE_SIGN_STYLE = Automatic;
				CURRENT_PROJECT_VERSION = 1;
				DEVELOPMENT_TEAM = V59RVGUYZD;
				ENABLE_PREVIEWS = YES;
				GENERATE_INFOPLIST_FILE = YES;
				INFOPLIST_KEY_UIApplicationSceneManifest_Generation = YES;
				INFOPLIST_KEY_UIApplicationSupportsIndirectInputEvents = YES;
				INFOPLIST_KEY_UILaunchScreen_Generation = YES;
				INFOPLIST_KEY_UISupportedInterfaceOrientations_iPad = "UIInterfaceOrientationPortrait UIInterfaceOrientationPortraitUpsideDown UIInterfaceOrientationLandscapeLeft UIInterfaceOrientationLandscapeRight";
				INFOPLIST_KEY_UISupportedInterfaceOrientations_iPhone = "UIInterfaceOrientationPortrait UIInterfaceOrientationLandscapeLeft UIInterfaceOrientationLandscapeRight";
				IPHONEOS_DEPLOYMENT_TARGET = 14.0;
				LD_RUNPATH_SEARCH_PATHS = (
					"$(inherited)",
					"@executable_path/Frameworks",
				);
				MARKETING_VERSION = 1.0;
				PRODUCT_BUNDLE_IDENTIFIER = "com.jtIIT.Overlap-Integrals";
				PRODUCT_NAME = "Overlap Integrals";
				SDKROOT = iphoneos;
				SWIFT_EMIT_LOC_STRINGS = YES;
				SWIFT_VERSION = 5.0;
				TARGETED_DEVICE_FAMILY = "1,2";
			};
			name = Debug;
		};
		A568548227C744F200CD49B6 /* Release */ = {
			isa = XCBuildConfiguration;
			buildSettings = {
				ASSETCATALOG_COMPILER_APPICON_NAME = AppIcon;
				ASSETCATALOG_COMPILER_GLOBAL_ACCENT_COLOR_NAME = AccentColor;
				CODE_SIGN_STYLE = Automatic;
				CURRENT_PROJECT_VERSION = 1;
				DEVELOPMENT_TEAM = V59RVGUYZD;
				ENABLE_PREVIEWS = YES;
				GENERATE_INFOPLIST_FILE = YES;
				INFOPLIST_KEY_UIApplicationSceneManifest_Generation = YES;
				INFOPLIST_KEY_UIApplicationSupportsIndirectInputEvents = YES;
				INFOPLIST_KEY_UILaunchScreen_Generation = YES;
				INFOPLIST_KEY_UISupportedInterfaceOrientations_iPad = "UIInterfaceOrientationPortrait UIInterfaceOrientationPortraitUpsideDown UIInterfaceOrientationLandscapeLeft UIInterfaceOrientationLandscapeRight";
				INFOPLIST_KEY_UISupportedInterfaceOrientations_iPhone = "UIInterfaceOrientationPortrait UIInterfaceOrientationLandscapeLeft UIInterfaceOrientationLandscapeRight";
				IPHONEOS_DEPLOYMENT_TARGET = 14.0;
				LD_RUNPATH_SEARCH_PATHS = (
					"$(inherited)",
					"@executable_path/Frameworks",
				);
				MARKETING_VERSION = 1.0;
				PRODUCT_BUNDLE_IDENTIFIER = "com.jtIIT.Overlap-Integrals";
				PRODUCT_NAME = "Overlap Integrals";
				SDKROOT = iphoneos;
				SWIFT_EMIT_LOC_STRINGS = YES;
				SWIFT_VERSION = 5.0;
				TARGETED_DEVICE_FAMILY = "1,2";
				VALIDATE_PRODUCT = YES;
			};
			name = Release;
		};
		A568548427C744F200CD49B6 /* Debug */ = {
			isa = XCBuildConfiguration;
			buildSettings = {
				ASSETCATALOG_COMPILER_APPICON_NAME = AppIcon;
				ASSETCATALOG_COMPILER_GLOBAL_ACCENT_COLOR_NAME = AccentColor;
				CODE_SIGN_STYLE = Automatic;
				COMBINE_HIDPI_IMAGES = YES;
				CURRENT_PROJECT_VERSION = 1;
				DEVELOPMENT_TEAM = V59RVGUYZD;
				ENABLE_APP_SANDBOX = YES;
				ENABLE_HARDENED_RUNTIME = YES;
				ENABLE_PREVIEWS = YES;
				ENABLE_USER_SELECTED_FILES = readonly;
				GENERATE_INFOPLIST_FILE = YES;
				INFOPLIST_KEY_NSHumanReadableCopyright = "";
				LD_RUNPATH_SEARCH_PATHS = (
					"$(inherited)",
					"@executable_path/../Frameworks",
				);
				MACOSX_DEPLOYMENT_TARGET = 11.0;
				MARKETING_VERSION = 1.0;
				PRODUCT_BUNDLE_IDENTIFIER = "com.jtIIT.Overlap-Integrals";
				PRODUCT_NAME = "Overlap Integrals";
				SDKROOT = macosx;
				SWIFT_EMIT_LOC_STRINGS = YES;
				SWIFT_VERSION = 5.0;
			};
			name = Debug;
		};
		A568548527C744F200CD49B6 /* Release */ = {
			isa = XCBuildConfiguration;
			buildSettings = {
				ASSETCATALOG_COMPILER_APPICON_NAME = AppIcon;
				ASSETCATALOG_COMPILER_GLOBAL_ACCENT_COLOR_NAME = AccentColor;
				CODE_SIGN_STYLE = Automatic;
				COMBINE_HIDPI_IMAGES = YES;
				CURRENT_PROJECT_VERSION = 1;
				DEVELOPMENT_TEAM = V59RVGUYZD;
				ENABLE_APP_SANDBOX = YES;
				ENABLE_HARDENED_RUNTIME = YES;
				ENABLE_PREVIEWS = YES;
				ENABLE_USER_SELECTED_FILES = readonly;
				GENERATE_INFOPLIST_FILE = YES;
				INFOPLIST_KEY_NSHumanReadableCopyright = "";
				LD_RUNPATH_SEARCH_PATHS = (
					"$(inherited)",
					"@executable_path/../Frameworks",
				);
				MACOSX_DEPLOYMENT_TARGET = 11.0;
				MARKETING_VERSION = 1.0;
				PRODUCT_BUNDLE_IDENTIFIER = "com.jtIIT.Overlap-Integrals";
				PRODUCT_NAME = "Overlap Integrals";
				SDKROOT = macosx;
				SWIFT_EMIT_LOC_STRINGS = YES;
				SWIFT_VERSION = 5.0;
			};
			name = Release;
		};
		A568548727C744F200CD49B6 /* Debug */ = {
			isa = XCBuildConfiguration;
			buildSettings = {
				ALWAYS_EMBED_SWIFT_STANDARD_LIBRARIES = YES;
				CODE_SIGN_STYLE = Automatic;
				CURRENT_PROJECT_VERSION = 1;
				DEVELOPMENT_TEAM = V59RVGUYZD;
				GENERATE_INFOPLIST_FILE = YES;
				IPHONEOS_DEPLOYMENT_TARGET = 15.0;
				LD_RUNPATH_SEARCH_PATHS = (
					"$(inherited)",
					"@executable_path/Frameworks",
					"@loader_path/Frameworks",
				);
				MARKETING_VERSION = 1.0;
				PRODUCT_BUNDLE_IDENTIFIER = "com.jtIIT.Tests-iOS";
				PRODUCT_NAME = "$(TARGET_NAME)";
				SDKROOT = iphoneos;
				SWIFT_EMIT_LOC_STRINGS = NO;
				SWIFT_VERSION = 5.0;
				TARGETED_DEVICE_FAMILY = "1,2";
				TEST_TARGET_NAME = "Overlap Integrals (iOS)";
			};
			name = Debug;
		};
		A568548827C744F200CD49B6 /* Release */ = {
			isa = XCBuildConfiguration;
			buildSettings = {
				ALWAYS_EMBED_SWIFT_STANDARD_LIBRARIES = YES;
				CODE_SIGN_STYLE = Automatic;
				CURRENT_PROJECT_VERSION = 1;
				DEVELOPMENT_TEAM = V59RVGUYZD;
				GENERATE_INFOPLIST_FILE = YES;
				IPHONEOS_DEPLOYMENT_TARGET = 15.0;
				LD_RUNPATH_SEARCH_PATHS = (
					"$(inherited)",
					"@executable_path/Frameworks",
					"@loader_path/Frameworks",
				);
				MARKETING_VERSION = 1.0;
				PRODUCT_BUNDLE_IDENTIFIER = "com.jtIIT.Tests-iOS";
				PRODUCT_NAME = "$(TARGET_NAME)";
				SDKROOT = iphoneos;
				SWIFT_EMIT_LOC_STRINGS = NO;
				SWIFT_VERSION = 5.0;
				TARGETED_DEVICE_FAMILY = "1,2";
				TEST_TARGET_NAME = "Overlap Integrals (iOS)";
				VALIDATE_PRODUCT = YES;
			};
			name = Release;
		};
		A568548A27C744F200CD49B6 /* Debug */ = {
			isa = XCBuildConfiguration;
			buildSettings = {
				ALWAYS_EMBED_SWIFT_STANDARD_LIBRARIES = YES;
				CODE_SIGN_STYLE = Automatic;
				COMBINE_HIDPI_IMAGES = YES;
				CURRENT_PROJECT_VERSION = 1;
				DEVELOPMENT_TEAM = V59RVGUYZD;
				GENERATE_INFOPLIST_FILE = YES;
				LD_RUNPATH_SEARCH_PATHS = (
					"$(inherited)",
					"@executable_path/../Frameworks",
					"@loader_path/../Frameworks",
				);
				MACOSX_DEPLOYMENT_TARGET = 12.0;
				MARKETING_VERSION = 1.0;
				PRODUCT_BUNDLE_IDENTIFIER = "com.jtIIT.Tests-macOS";
				PRODUCT_NAME = "$(TARGET_NAME)";
				SDKROOT = macosx;
				SWIFT_EMIT_LOC_STRINGS = NO;
				SWIFT_VERSION = 5.0;
				TEST_TARGET_NAME = "Overlap Integrals (macOS)";
			};
			name = Debug;
		};
		A568548B27C744F200CD49B6 /* Release */ = {
			isa = XCBuildConfiguration;
			buildSettings = {
				ALWAYS_EMBED_SWIFT_STANDARD_LIBRARIES = YES;
				CODE_SIGN_STYLE = Automatic;
				COMBINE_HIDPI_IMAGES = YES;
				CURRENT_PROJECT_VERSION = 1;
				DEVELOPMENT_TEAM = V59RVGUYZD;
				GENERATE_INFOPLIST_FILE = YES;
				LD_RUNPATH_SEARCH_PATHS = (
					"$(inherited)",
					"@executable_path/../Frameworks",
					"@loader_path/../Frameworks",
				);
				MACOSX_DEPLOYMENT_TARGET = 12.0;
				MARKETING_VERSION = 1.0;
				PRODUCT_BUNDLE_IDENTIFIER = "com.jtIIT.Tests-macOS";
				PRODUCT_NAME = "$(TARGET_NAME)";
				SDKROOT = macosx;
				SWIFT_EMIT_LOC_STRINGS = NO;
				SWIFT_VERSION = 5.0;
				TEST_TARGET_NAME = "Overlap Integrals (macOS)";
			};
			name = Release;
		};
/* End XCBuildConfiguration section */

/* Begin XCConfigurationList section */
		A568545027C744F100CD49B6 /* Build configuration list for PBXProject "Overlap Integrals" */ = {
			isa = XCConfigurationList;
			buildConfigurations = (
				A568547E27C744F200CD49B6 /* Debug */,
				A568547F27C744F200CD49B6 /* Release */,
			);
			defaultConfigurationIsVisible = 0;
			defaultConfigurationName = Release;
		};
		A568548027C744F200CD49B6 /* Build configuration list for PBXNativeTarget "Overlap Integrals (iOS)" */ = {
			isa = XCConfigurationList;
			buildConfigurations = (
				A568548127C744F200CD49B6 /* Debug */,
				A568548227C744F200CD49B6 /* Release */,
			);
			defaultConfigurationIsVisible = 0;
			defaultConfigurationName = Release;
		};
		A568548327C744F200CD49B6 /* Build configuration list for PBXNativeTarget "Overlap Integrals (macOS)" */ = {
			isa = XCConfigurationList;
			buildConfigurations = (
				A568548427C744F200CD49B6 /* Debug */,
				A568548527C744F200CD49B6 /* Release */,
			);
			defaultConfigurationIsVisible = 0;
			defaultConfigurationName = Release;
		};
		A568548627C744F200CD49B6 /* Build configuration list for PBXNativeTarget "Tests iOS" */ = {
			isa = XCConfigurationList;
			buildConfigurations = (
				A568548727C744F200CD49B6 /* Debug */,
				A568548827C744F200CD49B6 /* Release */,
			);
			defaultConfigurationIsVisible = 0;
			defaultConfigurationName = Release;
		};
		A568548927C744F200CD49B6 /* Build configuration list for PBXNativeTarget "Tests macOS" */ = {
			isa = XCConfigurationList;
			buildConfigurations = (
				A568548A27C744F200CD49B6 /* Debug */,
				A568548B27C744F200CD49B6 /* Release */,
			);
			defaultConfigurationIsVisible = 0;
			defaultConfigurationName = Release;
		};
/* End XCConfigurationList section */
	};
	rootObject = A568544D27C744F100CD49B6 /* Project object */;
}
